
Microsoft Visual Studio Solution File, Format Version 12.00
# Visual Studio Version 17
VisualStudioVersion = 17.4.33213.308
MinimumVisualStudioVersion = 10.0.40219.1
Project("{FAE04EC0-301F-11D3-BF4B-00C04F79EFBC}") = "snegenki", "snegenki\snegenki.csproj", "{006541BA-D321-46BB-B742-03000BB84998}"
EndProject
Global
	GlobalSection(SolutionConfigurationPlatforms) = preSolution
		Debug|Any CPU = Debug|Any CPU
		Release|Any CPU = Release|Any CPU
	EndGlobalSection
	GlobalSection(ProjectConfigurationPlatforms) = postSolution
		{006541BA-D321-46BB-B742-03000BB84998}.Debug|Any CPU.ActiveCfg = Debug|Any CPU
		{006541BA-D321-46BB-B742-03000BB84998}.Debug|Any CPU.Build.0 = Debug|Any CPU
		{006541BA-D321-46BB-B742-03000BB84998}.Release|Any CPU.ActiveCfg = Release|Any CPU
		{006541BA-D321-46BB-B742-03000BB84998}.Release|Any CPU.Build.0 = Release|Any CPU
	EndGlobalSection
	GlobalSection(SolutionProperties) = preSolution
		HideSolutionNode = FALSE
	EndGlobalSection
	GlobalSection(ExtensibilityGlobals) = postSolution
		SolutionGuid = {C17E20FA-3878-4A5E-B68E-12DA00BFC9F2}
	EndGlobalSection
EndGlobal
